
Microsoft Visual Studio Solution File, Format Version 12.00
Project("{FAE04EC0-301F-11D3-BF4B-00C04F79EFBC}") = "AlgorithmsAndDS", "AlgorithmsAndDS\AlgorithmsAndDS.csproj", "{4042411D-D6C0-4A4A-AEC4-E234AC4DDE41}"
EndProject
Global
	GlobalSection(SolutionConfigurationPlatforms) = preSolution
		Debug|Any CPU = Debug|Any CPU
		Release|Any CPU = Release|Any CPU
	EndGlobalSection
	GlobalSection(ProjectConfigurationPlatforms) = postSolution
		{4042411D-D6C0-4A4A-AEC4-E234AC4DDE41}.Debug|Any CPU.ActiveCfg = Debug|Any CPU
		{4042411D-D6C0-4A4A-AEC4-E234AC4DDE41}.Debug|Any CPU.Build.0 = Debug|Any CPU
		{4042411D-D6C0-4A4A-AEC4-E234AC4DDE41}.Release|Any CPU.ActiveCfg = Release|Any CPU
		{4042411D-D6C0-4A4A-AEC4-E234AC4DDE41}.Release|Any CPU.Build.0 = Release|Any CPU
	EndGlobalSection
EndGlobal
